
Microsoft Visual Studio Solution File, Format Version 12.00
# Visual Studio Version 17
VisualStudioVersion = 17.14.36408.4 d17.14
MinimumVisualStudioVersion = 10.0.40219.1
Project("{FAE04EC0-301F-11D3-BF4B-00C04F79EFBC}") = "MadMaxBlazor", "MadMaxBlazor.csproj", "{467A17E7-D069-61B3-0C3A-776AD7059FAE}"
EndProject
Global
	GlobalSection(SolutionConfigurationPlatforms) = preSolution
		Debug|Any CPU = Debug|Any CPU
		Release|Any CPU = Release|Any CPU
	EndGlobalSection
	GlobalSection(ProjectConfigurationPlatforms) = postSolution
		{467A17E7-D069-61B3-0C3A-776AD7059FAE}.Debug|Any CPU.ActiveCfg = Debug|Any CPU
		{467A17E7-D069-61B3-0C3A-776AD7059FAE}.Debug|Any CPU.Build.0 = Debug|Any CPU
		{467A17E7-D069-61B3-0C3A-776AD7059FAE}.Release|Any CPU.ActiveCfg = Release|Any CPU
		{467A17E7-D069-61B3-0C3A-776AD7059FAE}.Release|Any CPU.Build.0 = Release|Any CPU
	EndGlobalSection
	GlobalSection(SolutionProperties) = preSolution
		HideSolutionNode = FALSE
	EndGlobalSection
	GlobalSection(ExtensibilityGlobals) = postSolution
		SolutionGuid = {95744F5B-885A-4F59-B820-73D17111794C}
	EndGlobalSection
EndGlobal
